
Microsoft Visual Studio Solution File, Format Version 12.00
# Visual Studio 15
VisualStudioVersion = 15.0.28307.902
MinimumVisualStudioVersion = 10.0.40219.1
Project("{FAE04EC0-301F-11D3-BF4B-00C04F79EFBC}") = "DSCC_CW1_5998_API", "DSCC_CW1_5998_API\DSCC_CW1_5998_API.csproj", "{0C9B6CC7-958B-449B-9EF8-2445FA9577B2}"
EndProject
Global
	GlobalSection(SolutionConfigurationPlatforms) = preSolution
		Debug|Any CPU = Debug|Any CPU
		Release|Any CPU = Release|Any CPU
	EndGlobalSection
	GlobalSection(ProjectConfigurationPlatforms) = postSolution
		{0C9B6CC7-958B-449B-9EF8-2445FA9577B2}.Debug|Any CPU.ActiveCfg = Debug|Any CPU
		{0C9B6CC7-958B-449B-9EF8-2445FA9577B2}.Debug|Any CPU.Build.0 = Debug|Any CPU
		{0C9B6CC7-958B-449B-9EF8-2445FA9577B2}.Release|Any CPU.ActiveCfg = Release|Any CPU
		{0C9B6CC7-958B-449B-9EF8-2445FA9577B2}.Release|Any CPU.Build.0 = Release|Any CPU
	EndGlobalSection
	GlobalSection(SolutionProperties) = preSolution
		HideSolutionNode = FALSE
	EndGlobalSection
	GlobalSection(ExtensibilityGlobals) = postSolution
		SolutionGuid = {C7B72187-1E99-41A8-A902-A35E31E63521}
	EndGlobalSection
EndGlobal
